
Microsoft Visual Studio Solution File, Format Version 12.00
# Visual Studio 2013
VisualStudioVersion = 12.0.21005.1
MinimumVisualStudioVersion = 10.0.40219.1
Project("{FAE04EC0-301F-11D3-BF4B-00C04F79EFBC}") = "Ford Testing Tool", "PiXeL Apps\Ford Testing Tool.csproj", "{B26B5524-565C-41B6-9752-F01988DAC769}"
	ProjectSection(ProjectDependencies) = postProject
		{405A41C9-B235-45C8-8FE5-C0A174024C5F} = {405A41C9-B235-45C8-8FE5-C0A174024C5F}
	EndProjectSection
EndProject
Project("{FAE04EC0-301F-11D3-BF4B-00C04F79EFBC}") = "Webservice", "Webservice\Webservice.csproj", "{405A41C9-B235-45C8-8FE5-C0A174024C5F}"
EndProject
Global
	GlobalSection(SolutionConfigurationPlatforms) = preSolution
		Debug|Any CPU = Debug|Any CPU
		Debug|ARM = Debug|ARM
		Debug|x64 = Debug|x64
		Debug|x86 = Debug|x86
		Release|Any CPU = Release|Any CPU
		Release|ARM = Release|ARM
		Release|x64 = Release|x64
		Release|x86 = Release|x86
	EndGlobalSection
	GlobalSection(ProjectConfigurationPlatforms) = postSolution
		{B26B5524-565C-41B6-9752-F01988DAC769}.Debug|Any CPU.ActiveCfg = Debug|x86
		{B26B5524-565C-41B6-9752-F01988DAC769}.Debug|Any CPU.Build.0 = Debug|x86
		{B26B5524-565C-41B6-9752-F01988DAC769}.Debug|Any CPU.Deploy.0 = Debug|x86
		{B26B5524-565C-41B6-9752-F01988DAC769}.Debug|ARM.ActiveCfg = Debug|ARM
		{B26B5524-565C-41B6-9752-F01988DAC769}.Debug|ARM.Build.0 = Debug|ARM
		{B26B5524-565C-41B6-9752-F01988DAC769}.Debug|ARM.Deploy.0 = Debug|ARM
		{B26B5524-565C-41B6-9752-F01988DAC769}.Debug|x64.ActiveCfg = Debug|x64
		{B26B5524-565C-41B6-9752-F01988DAC769}.Debug|x64.Build.0 = Debug|x64
		{B26B5524-565C-41B6-9752-F01988DAC769}.Debug|x64.Deploy.0 = Debug|x64
		{B26B5524-565C-41B6-9752-F01988DAC769}.Debug|x86.ActiveCfg = Debug|x86
		{B26B5524-565C-41B6-9752-F01988DAC769}.Debug|x86.Build.0 = Debug|x86
		{B26B5524-565C-41B6-9752-F01988DAC769}.Debug|x86.Deploy.0 = Debug|x86
		{B26B5524-565C-41B6-9752-F01988DAC769}.Release|Any CPU.ActiveCfg = Release|x86
		{B26B5524-565C-41B6-9752-F01988DAC769}.Release|Any CPU.Build.0 = Release|x86
		{B26B5524-565C-41B6-9752-F01988DAC769}.Release|Any CPU.Deploy.0 = Release|x86
		{B26B5524-565C-41B6-9752-F01988DAC769}.Release|ARM.ActiveCfg = Release|ARM
		{B26B5524-565C-41B6-9752-F01988DAC769}.Release|ARM.Build.0 = Release|ARM
		{B26B5524-565C-41B6-9752-F01988DAC769}.Release|ARM.Deploy.0 = Release|ARM
		{B26B5524-565C-41B6-9752-F01988DAC769}.Release|x64.ActiveCfg = Release|x64
		{B26B5524-565C-41B6-9752-F01988DAC769}.Release|x64.Build.0 = Release|x64
		{B26B5524-565C-41B6-9752-F01988DAC769}.Release|x64.Deploy.0 = Release|x64
		{B26B5524-565C-41B6-9752-F01988DAC769}.Release|x86.ActiveCfg = Release|x86
		{B26B5524-565C-41B6-9752-F01988DAC769}.Release|x86.Build.0 = Release|x86
		{B26B5524-565C-41B6-9752-F01988DAC769}.Release|x86.Deploy.0 = Release|x86
		{405A41C9-B235-45C8-8FE5-C0A174024C5F}.Debug|Any CPU.ActiveCfg = Debug|Any CPU
		{405A41C9-B235-45C8-8FE5-C0A174024C5F}.Debug|Any CPU.Build.0 = Debug|Any CPU
		{405A41C9-B235-45C8-8FE5-C0A174024C5F}.Debug|ARM.ActiveCfg = Debug|Any CPU
		{405A41C9-B235-45C8-8FE5-C0A174024C5F}.Debug|x64.ActiveCfg = Debug|Any CPU
		{405A41C9-B235-45C8-8FE5-C0A174024C5F}.Debug|x86.ActiveCfg = Debug|Any CPU
		{405A41C9-B235-45C8-8FE5-C0A174024C5F}.Release|Any CPU.ActiveCfg = Release|Any CPU
		{405A41C9-B235-45C8-8FE5-C0A174024C5F}.Release|Any CPU.Build.0 = Release|Any CPU
		{405A41C9-B235-45C8-8FE5-C0A174024C5F}.Release|ARM.ActiveCfg = Release|Any CPU
		{405A41C9-B235-45C8-8FE5-C0A174024C5F}.Release|x64.ActiveCfg = Release|Any CPU
		{405A41C9-B235-45C8-8FE5-C0A174024C5F}.Release|x86.ActiveCfg = Release|Any CPU
	EndGlobalSection
	GlobalSection(SolutionProperties) = preSolution
		HideSolutionNode = FALSE
	EndGlobalSection
EndGlobal
